
Microsoft Visual Studio Solution File, Format Version 12.00
# Visual Studio Version 17
VisualStudioVersion = 17.7.34202.233
MinimumVisualStudioVersion = 10.0.40219.1
Project("{9A19103F-16F7-4668-BE54-9A1E7A4F7556}") = "SportsManagement", "SportsManagement.csproj", "{DEBF23FB-C430-46B8-B0E9-5626D94CA159}"
EndProject
Global
	GlobalSection(SolutionConfigurationPlatforms) = preSolution
		Debug|Any CPU = Debug|Any CPU
		Release|Any CPU = Release|Any CPU
	EndGlobalSection
	GlobalSection(ProjectConfigurationPlatforms) = postSolution
		{DEBF23FB-C430-46B8-B0E9-5626D94CA159}.Debug|Any CPU.ActiveCfg = Debug|Any CPU
		{DEBF23FB-C430-46B8-B0E9-5626D94CA159}.Debug|Any CPU.Build.0 = Debug|Any CPU
		{DEBF23FB-C430-46B8-B0E9-5626D94CA159}.Release|Any CPU.ActiveCfg = Release|Any CPU
		{DEBF23FB-C430-46B8-B0E9-5626D94CA159}.Release|Any CPU.Build.0 = Release|Any CPU
	EndGlobalSection
	GlobalSection(SolutionProperties) = preSolution
		HideSolutionNode = FALSE
	EndGlobalSection
	GlobalSection(ExtensibilityGlobals) = postSolution
		SolutionGuid = {02452B30-CCF5-4DEB-ABFA-9714A7DFF4EF}
	EndGlobalSection
EndGlobal
